
Microsoft Visual Studio Solution File, Format Version 12.00
# Visual Studio Version 17
VisualStudioVersion = 17.5.33627.172
MinimumVisualStudioVersion = 10.0.40219.1
Project("{FAE04EC0-301F-11D3-BF4B-00C04F79EFBC}") = "Oop", "Oop\Oop.csproj", "{50F8FD96-95C3-4CF9-8BE3-0231D27D594F}"
EndProject
Project("{FAE04EC0-301F-11D3-BF4B-00C04F79EFBC}") = "InterfaceDemo", "InterfaceDemo\InterfaceDemo.csproj", "{64ACD0D3-B893-49DF-AA5A-D92FF059DE13}"
EndProject
Project("{FAE04EC0-301F-11D3-BF4B-00C04F79EFBC}") = "InterfaceSon", "InterfaceSon\InterfaceSon.csproj", "{45933175-2AF4-4759-9743-58D4C9654E15}"
EndProject
Global
	GlobalSection(SolutionConfigurationPlatforms) = preSolution
		Debug|Any CPU = Debug|Any CPU
		Release|Any CPU = Release|Any CPU
	EndGlobalSection
	GlobalSection(ProjectConfigurationPlatforms) = postSolution
		{50F8FD96-95C3-4CF9-8BE3-0231D27D594F}.Debug|Any CPU.ActiveCfg = Debug|Any CPU
		{50F8FD96-95C3-4CF9-8BE3-0231D27D594F}.Debug|Any CPU.Build.0 = Debug|Any CPU
		{50F8FD96-95C3-4CF9-8BE3-0231D27D594F}.Release|Any CPU.ActiveCfg = Release|Any CPU
		{50F8FD96-95C3-4CF9-8BE3-0231D27D594F}.Release|Any CPU.Build.0 = Release|Any CPU
		{64ACD0D3-B893-49DF-AA5A-D92FF059DE13}.Debug|Any CPU.ActiveCfg = Debug|Any CPU
		{64ACD0D3-B893-49DF-AA5A-D92FF059DE13}.Debug|Any CPU.Build.0 = Debug|Any CPU
		{64ACD0D3-B893-49DF-AA5A-D92FF059DE13}.Release|Any CPU.ActiveCfg = Release|Any CPU
		{64ACD0D3-B893-49DF-AA5A-D92FF059DE13}.Release|Any CPU.Build.0 = Release|Any CPU
		{45933175-2AF4-4759-9743-58D4C9654E15}.Debug|Any CPU.ActiveCfg = Debug|Any CPU
		{45933175-2AF4-4759-9743-58D4C9654E15}.Debug|Any CPU.Build.0 = Debug|Any CPU
		{45933175-2AF4-4759-9743-58D4C9654E15}.Release|Any CPU.ActiveCfg = Release|Any CPU
		{45933175-2AF4-4759-9743-58D4C9654E15}.Release|Any CPU.Build.0 = Release|Any CPU
	EndGlobalSection
	GlobalSection(SolutionProperties) = preSolution
		HideSolutionNode = FALSE
	EndGlobalSection
	GlobalSection(ExtensibilityGlobals) = postSolution
		SolutionGuid = {1289932E-AB1A-4154-9924-A5A92301F759}
	EndGlobalSection
EndGlobal
